Microsoft Visual Studio Solution File, Format Version 12.00
# Visual Studio Version 17
VisualStudioVersion = 17.5.2.0
MinimumVisualStudioVersion = 10.0.40219.1
Project("{FAE04EC0-301F-11D3-BF4B-00C04F79EFBC}") = "MySwarmApp", "MySwarmApp.csproj", "{6572A1A1-2985-5713-65EE-EFFE9EE90955}"
EndProject
Global
	GlobalSection(SolutionConfigurationPlatforms) = preSolution
		Debug|Any CPU = Debug|Any CPU
		Release|Any CPU = Release|Any CPU
	EndGlobalSection
	GlobalSection(ProjectConfigurationPlatforms) = postSolution
		{6572A1A1-2985-5713-65EE-EFFE9EE90955}.Debug|Any CPU.ActiveCfg = Debug|Any CPU
		{6572A1A1-2985-5713-65EE-EFFE9EE90955}.Debug|Any CPU.Build.0 = Debug|Any CPU
		{6572A1A1-2985-5713-65EE-EFFE9EE90955}.Release|Any CPU.ActiveCfg = Release|Any CPU
		{6572A1A1-2985-5713-65EE-EFFE9EE90955}.Release|Any CPU.Build.0 = Release|Any CPU
	EndGlobalSection
	GlobalSection(SolutionProperties) = preSolution
		HideSolutionNode = FALSE
	EndGlobalSection
	GlobalSection(ExtensibilityGlobals) = postSolution
		SolutionGuid = {868E4A2F-21AD-48FF-9238-0CCC29DB182B}
	EndGlobalSection
EndGlobal
